
Microsoft Visual Studio Solution File, Format Version 12.00
# Visual Studio 2012
Project("{FAE04EC0-301F-11D3-BF4B-00C04F79EFBC}") = "HelloWorldApp", "HelloWorldApp\HelloWorldApp.csproj", "{7C52A0D2-B77E-4D3C-8A3E-C3C31D77312D}"
EndProject
Project("{FAE04EC0-301F-11D3-BF4B-00C04F79EFBC}") = "CalculatorApp", "CalculatorApp\CalculatorApp.csproj", "{73D84489-98E0-4F9C-B013-63BD7885E49B}"
EndProject
Project("{FAE04EC0-301F-11D3-BF4B-00C04F79EFBC}") = "NumbersGuessingGame", "NumbersGuessingGame\NumbersGuessingGame.csproj", "{7CE00394-F65E-4C42-8E3F-ECCEF38E96D1}"
EndProject
Project("{FAE04EC0-301F-11D3-BF4B-00C04F79EFBC}") = "ToDoListApp", "ToDoListApp\ToDoListApp.csproj", "{3BBD1AAD-AE6A-428D-B109-D54C345E8C8B}"
EndProject
Project("{FAE04EC0-301F-11D3-BF4B-00C04F79EFBC}") = "FizzBuzzApp", "FizzBuzzApp\FizzBuzzApp.csproj", "{A8032ECB-4ACD-47CE-8DC5-778FC4C5A473}"
EndProject
Global
	GlobalSection(SolutionConfigurationPlatforms) = preSolution
		Debug|Any CPU = Debug|Any CPU
		Release|Any CPU = Release|Any CPU
	EndGlobalSection
	GlobalSection(ProjectConfigurationPlatforms) = postSolution
		{7C52A0D2-B77E-4D3C-8A3E-C3C31D77312D}.Debug|Any CPU.ActiveCfg = Debug|Any CPU
		{7C52A0D2-B77E-4D3C-8A3E-C3C31D77312D}.Debug|Any CPU.Build.0 = Debug|Any CPU
		{7C52A0D2-B77E-4D3C-8A3E-C3C31D77312D}.Release|Any CPU.ActiveCfg = Release|Any CPU
		{7C52A0D2-B77E-4D3C-8A3E-C3C31D77312D}.Release|Any CPU.Build.0 = Release|Any CPU
		{73D84489-98E0-4F9C-B013-63BD7885E49B}.Debug|Any CPU.ActiveCfg = Debug|Any CPU
		{73D84489-98E0-4F9C-B013-63BD7885E49B}.Debug|Any CPU.Build.0 = Debug|Any CPU
		{73D84489-98E0-4F9C-B013-63BD7885E49B}.Release|Any CPU.ActiveCfg = Release|Any CPU
		{73D84489-98E0-4F9C-B013-63BD7885E49B}.Release|Any CPU.Build.0 = Release|Any CPU
		{7CE00394-F65E-4C42-8E3F-ECCEF38E96D1}.Debug|Any CPU.ActiveCfg = Debug|Any CPU
		{7CE00394-F65E-4C42-8E3F-ECCEF38E96D1}.Debug|Any CPU.Build.0 = Debug|Any CPU
		{7CE00394-F65E-4C42-8E3F-ECCEF38E96D1}.Release|Any CPU.ActiveCfg = Release|Any CPU
		{7CE00394-F65E-4C42-8E3F-ECCEF38E96D1}.Release|Any CPU.Build.0 = Release|Any CPU
		{3BBD1AAD-AE6A-428D-B109-D54C345E8C8B}.Debug|Any CPU.ActiveCfg = Debug|Any CPU
		{3BBD1AAD-AE6A-428D-B109-D54C345E8C8B}.Debug|Any CPU.Build.0 = Debug|Any CPU
		{3BBD1AAD-AE6A-428D-B109-D54C345E8C8B}.Release|Any CPU.ActiveCfg = Release|Any CPU
		{3BBD1AAD-AE6A-428D-B109-D54C345E8C8B}.Release|Any CPU.Build.0 = Release|Any CPU
		{A8032ECB-4ACD-47CE-8DC5-778FC4C5A473}.Debug|Any CPU.ActiveCfg = Debug|Any CPU
		{A8032ECB-4ACD-47CE-8DC5-778FC4C5A473}.Debug|Any CPU.Build.0 = Debug|Any CPU
		{A8032ECB-4ACD-47CE-8DC5-778FC4C5A473}.Release|Any CPU.ActiveCfg = Release|Any CPU
		{A8032ECB-4ACD-47CE-8DC5-778FC4C5A473}.Release|Any CPU.Build.0 = Release|Any CPU
	EndGlobalSection
EndGlobal
